// !$*UTF8*$!
{
	archiveVersion = 1;
	classes = {
	};
	objectVersion = 46;
	objects = {

/* Begin PBXBuildFile section */
		38FD4F6D925489D0197A1161 /* libPods-Patissier-iOS-Objective-C.a in Frameworks */ = {isa = PBXBuildFile; fileRef = 442D3CD19AB8E14ABA4F5046 /* libPods-Patissier-iOS-Objective-C.a */; };
		644DFE411F6682A5008B29A6 /* ProfileInfomationTableViewCell.m in Sources */ = {isa = PBXBuildFile; fileRef = 644DFE391F6682A5008B29A6 /* ProfileInfomationTableViewCell.m */; };
		644DFE421F6682A5008B29A6 /* ProfileInfomationTableViewCell.xib in Resources */ = {isa = PBXBuildFile; fileRef = 644DFE3A1F6682A5008B29A6 /* ProfileInfomationTableViewCell.xib */; };
		644DFE431F6682A5008B29A6 /* ProfileSegmentedControlTableViewCell.m in Sources */ = {isa = PBXBuildFile; fileRef = 644DFE3C1F6682A5008B29A6 /* ProfileSegmentedControlTableViewCell.m */; };
		644DFE441F6682A5008B29A6 /* ProfileSegmentedControlTableViewCell.xib in Resources */ = {isa = PBXBuildFile; fileRef = 644DFE3D1F6682A5008B29A6 /* ProfileSegmentedControlTableViewCell.xib */; };
		644DFE451F6682A5008B29A6 /* Profile.storyboard in Resources */ = {isa = PBXBuildFile; fileRef = 644DFE3E1F6682A5008B29A6 /* Profile.storyboard */; };
		644DFE461F6682A5008B29A6 /* ProfileTableViewController.m in Sources */ = {isa = PBXBuildFile; fileRef = 644DFE401F6682A5008B29A6 /* ProfileTableViewController.m */; };
		644DFE491F668512008B29A6 /* Main.storyboard in Resources */ = {isa = PBXBuildFile; fileRef = 644DFE471F668512008B29A6 /* Main.storyboard */; };
		644DFE4B1F67AC8A008B29A6 /* ProfileContentFavoriteTableViewCell.xib in Resources */ = {isa = PBXBuildFile; fileRef = 644DFE4A1F67AC8A008B29A6 /* ProfileContentFavoriteTableViewCell.xib */; };
		644DFE4E1F67AD8A008B29A6 /* ProfileContentFavoriteTableViewCell.m in Sources */ = {isa = PBXBuildFile; fileRef = 644DFE4D1F67AD8A008B29A6 /* ProfileContentFavoriteTableViewCell.m */; };
		644DFE521F67B4DA008B29A6 /* ProfileContentFavoriteCollectionViewCell.m in Sources */ = {isa = PBXBuildFile; fileRef = 644DFE501F67B4DA008B29A6 /* ProfileContentFavoriteCollectionViewCell.m */; };
		644DFE531F67B4DA008B29A6 /* ProfileContentFavoriteCollectionViewCell.xib in Resources */ = {isa = PBXBuildFile; fileRef = 644DFE511F67B4DA008B29A6 /* ProfileContentFavoriteCollectionViewCell.xib */; };
		644DFE581F67BC9C008B29A6 /* ProfileContentFavoriteCollectionViewController.m in Sources */ = {isa = PBXBuildFile; fileRef = 644DFE561F67BC9C008B29A6 /* ProfileContentFavoriteCollectionViewController.m */; };
		644DFE591F67BC9C008B29A6 /* ProfileContentFavoriteCollectionViewController.xib in Resources */ = {isa = PBXBuildFile; fileRef = 644DFE571F67BC9C008B29A6 /* ProfileContentFavoriteCollectionViewController.xib */; };
		644DFE5C1F67DFC2008B29A6 /* ProductFavoriteTableViewCell.m in Sources */ = {isa = PBXBuildFile; fileRef = 644DFE5B1F67DFC2008B29A6 /* ProductFavoriteTableViewCell.m */; };
		644DFE5F1F67E9D0008B29A6 /* ProfilePurchaseTableViewCell.m in Sources */ = {isa = PBXBuildFile; fileRef = 644DFE5E1F67E9D0008B29A6 /* ProfilePurchaseTableViewCell.m */; };
		644DFE621F67EAD6008B29A6 /* PurchasedProductTableViewCell.m in Sources */ = {isa = PBXBuildFile; fileRef = 644DFE611F67EAD6008B29A6 /* PurchasedProductTableViewCell.m */; };
		9870AD241F6679CE008430D5 /* LandingViewController.m in Sources */ = {isa = PBXBuildFile; fileRef = 9870AD221F6679CE008430D5 /* LandingViewController.m */; };
		98E15DA31F661F0C000E1B9B /* main.m in Sources */ = {isa = PBXBuildFile; fileRef = 98E15DA21F661F0C000E1B9B /* main.m */; };
		98E15DA61F661F0C000E1B9B /* AppDelegate.m in Sources */ = {isa = PBXBuildFile; fileRef = 98E15DA51F661F0C000E1B9B /* AppDelegate.m */; };
		98E15DAE1F661F0C000E1B9B /* Assets.xcassets in Resources */ = {isa = PBXBuildFile; fileRef = 98E15DAD1F661F0C000E1B9B /* Assets.xcassets */; };
		98E15DB11F661F0C000E1B9B /* LaunchScreen.storyboard in Resources */ = {isa = PBXBuildFile; fileRef = 98E15DAF1F661F0C000E1B9B /* LaunchScreen.storyboard */; };
		98E15DBD1F6623D3000E1B9B /* (null) in Sources */ = {isa = PBXBuildFile; };
		98E15DBF1F662597000E1B9B /* (null) in Resources */ = {isa = PBXBuildFile; };
/* End PBXBuildFile section */

/* Begin PBXFileReference section */
		442D3CD19AB8E14ABA4F5046 /* libPods-Patissier-iOS-Objective-C.a */ = {isa = PBXFileReference; explicitFileType = archive.ar; includeInIndex = 0; path = "libPods-Patissier-iOS-Objective-C.a"; sourceTree = BUILT_PRODUCTS_DIR; };
		644DFE381F6682A5008B29A6 /* ProfileInfomationTableViewCell.h */ = {isa = PBXFileReference; fileEncoding = 4; lastKnownFileType = sourcecode.c.h; path = ProfileInfomationTableViewCell.h; sourceTree = "<group>"; };
		644DFE391F6682A5008B29A6 /* ProfileInfomationTableViewCell.m */ = {isa = PBXFileReference; fileEncoding = 4; lastKnownFileType = sourcecode.c.objc; path = ProfileInfomationTableViewCell.m; sourceTree = "<group>"; };
		644DFE3A1F6682A5008B29A6 /* ProfileInfomationTableViewCell.xib */ = {isa = PBXFileReference; fileEncoding = 4; lastKnownFileType = file.xib; path = ProfileInfomationTableViewCell.xib; sourceTree = "<group>"; };
		644DFE3B1F6682A5008B29A6 /* ProfileSegmentedControlTableViewCell.h */ = {isa = PBXFileReference; fileEncoding = 4; lastKnownFileType = sourcecode.c.h; path = ProfileSegmentedControlTableViewCell.h; sourceTree = "<group>"; };
		644DFE3C1F6682A5008B29A6 /* ProfileSegmentedControlTableViewCell.m */ = {isa = PBXFileReference; fileEncoding = 4; lastKnownFileType = sourcecode.c.objc; path = ProfileSegmentedControlTableViewCell.m; sourceTree = "<group>"; };
		644DFE3D1F6682A5008B29A6 /* ProfileSegmentedControlTableViewCell.xib */ = {isa = PBXFileReference; fileEncoding = 4; lastKnownFileType = file.xib; path = ProfileSegmentedControlTableViewCell.xib; sourceTree = "<group>"; };
		644DFE3E1F6682A5008B29A6 /* Profile.storyboard */ = {isa = PBXFileReference; fileEncoding = 4; lastKnownFileType = file.storyboard; name = Profile.storyboard; path = "Patissier-iOS-Objective-C/Profile.storyboard"; sourceTree = SOURCE_ROOT; };
		644DFE3F1F6682A5008B29A6 /* ProfileTableViewController.h */ = {isa = PBXFileReference; fileEncoding = 4; lastKnownFileType = sourcecode.c.h; name = ProfileTableViewController.h; path = "Patissier-iOS-Objective-C/ProfileTableViewController.h"; sourceTree = SOURCE_ROOT; };
		644DFE401F6682A5008B29A6 /* ProfileTableViewController.m */ = {isa = PBXFileReference; fileEncoding = 4; lastKnownFileType = sourcecode.c.objc; name = ProfileTableViewController.m; path = "Patissier-iOS-Objective-C/ProfileTableViewController.m"; sourceTree = SOURCE_ROOT; };
		644DFE481F668512008B29A6 /* Base */ = {isa = PBXFileReference; lastKnownFileType = file.storyboard; name = Base; path = Base.lproj/Main.storyboard; sourceTree = "<group>"; };
		644DFE4A1F67AC8A008B29A6 /* ProfileContentFavoriteTableViewCell.xib */ = {isa = PBXFileReference; fileEncoding = 4; lastKnownFileType = file.xib; path = ProfileContentFavoriteTableViewCell.xib; sourceTree = "<group>"; };
		644DFE4C1F67AD8A008B29A6 /* ProfileContentFavoriteTableViewCell.h */ = {isa = PBXFileReference; fileEncoding = 4; lastKnownFileType = sourcecode.c.h; path = ProfileContentFavoriteTableViewCell.h; sourceTree = "<group>"; };
		644DFE4D1F67AD8A008B29A6 /* ProfileContentFavoriteTableViewCell.m */ = {isa = PBXFileReference; fileEncoding = 4; lastKnownFileType = sourcecode.c.objc; path = ProfileContentFavoriteTableViewCell.m; sourceTree = "<group>"; };
		644DFE4F1F67B4DA008B29A6 /* ProfileContentFavoriteCollectionViewCell.h */ = {isa = PBXFileReference; fileEncoding = 4; lastKnownFileType = sourcecode.c.h; path = ProfileContentFavoriteCollectionViewCell.h; sourceTree = "<group>"; };
		644DFE501F67B4DA008B29A6 /* ProfileContentFavoriteCollectionViewCell.m */ = {isa = PBXFileReference; fileEncoding = 4; lastKnownFileType = sourcecode.c.objc; path = ProfileContentFavoriteCollectionViewCell.m; sourceTree = "<group>"; };
		644DFE511F67B4DA008B29A6 /* ProfileContentFavoriteCollectionViewCell.xib */ = {isa = PBXFileReference; fileEncoding = 4; lastKnownFileType = file.xib; path = ProfileContentFavoriteCollectionViewCell.xib; sourceTree = "<group>"; };
		644DFE551F67BC9C008B29A6 /* ProfileContentFavoriteCollectionViewController.h */ = {isa = PBXFileReference; fileEncoding = 4; lastKnownFileType = sourcecode.c.h; path = ProfileContentFavoriteCollectionViewController.h; sourceTree = "<group>"; };
		644DFE561F67BC9C008B29A6 /* ProfileContentFavoriteCollectionViewController.m */ = {isa = PBXFileReference; fileEncoding = 4; lastKnownFileType = sourcecode.c.objc; path = ProfileContentFavoriteCollectionViewController.m; sourceTree = "<group>"; };
		644DFE571F67BC9C008B29A6 /* ProfileContentFavoriteCollectionViewController.xib */ = {isa = PBXFileReference; fileEncoding = 4; lastKnownFileType = file.xib; path = ProfileContentFavoriteCollectionViewController.xib; sourceTree = "<group>"; };
		644DFE5A1F67DFC2008B29A6 /* ProductFavoriteTableViewCell.h */ = {isa = PBXFileReference; fileEncoding = 4; lastKnownFileType = sourcecode.c.h; path = ProductFavoriteTableViewCell.h; sourceTree = "<group>"; };
		644DFE5B1F67DFC2008B29A6 /* ProductFavoriteTableViewCell.m */ = {isa = PBXFileReference; fileEncoding = 4; lastKnownFileType = sourcecode.c.objc; path = ProductFavoriteTableViewCell.m; sourceTree = "<group>"; };
		644DFE5D1F67E9D0008B29A6 /* ProfilePurchaseTableViewCell.h */ = {isa = PBXFileReference; fileEncoding = 4; lastKnownFileType = sourcecode.c.h; path = ProfilePurchaseTableViewCell.h; sourceTree = "<group>"; };
		644DFE5E1F67E9D0008B29A6 /* ProfilePurchaseTableViewCell.m */ = {isa = PBXFileReference; fileEncoding = 4; lastKnownFileType = sourcecode.c.objc; path = ProfilePurchaseTableViewCell.m; sourceTree = "<group>"; };
		644DFE601F67EAD6008B29A6 /* PurchasedProductTableViewCell.h */ = {isa = PBXFileReference; fileEncoding = 4; lastKnownFileType = sourcecode.c.h; path = PurchasedProductTableViewCell.h; sourceTree = "<group>"; };
		644DFE611F67EAD6008B29A6 /* PurchasedProductTableViewCell.m */ = {isa = PBXFileReference; fileEncoding = 4; lastKnownFileType = sourcecode.c.objc; path = PurchasedProductTableViewCell.m; sourceTree = "<group>"; };
		92AD3DEDC0085568B6482492 /* Pods-Patissier-iOS-Objective-C.release.xcconfig */ = {isa = PBXFileReference; includeInIndex = 1; lastKnownFileType = text.xcconfig; name = "Pods-Patissier-iOS-Objective-C.release.xcconfig"; path = "Pods/Target Support Files/Pods-Patissier-iOS-Objective-C/Pods-Patissier-iOS-Objective-C.release.xcconfig"; sourceTree = "<group>"; };
		9870AD211F6679CE008430D5 /* LandingViewController.h */ = {isa = PBXFileReference; fileEncoding = 4; lastKnownFileType = sourcecode.c.h; path = LandingViewController.h; sourceTree = "<group>"; };
		9870AD221F6679CE008430D5 /* LandingViewController.m */ = {isa = PBXFileReference; fileEncoding = 4; lastKnownFileType = sourcecode.c.objc; path = LandingViewController.m; sourceTree = "<group>"; };
		98E15D9E1F661F0C000E1B9B /* Patissier-iOS-Objective-C.app */ = {isa = PBXFileReference; explicitFileType = wrapper.application; includeInIndex = 0; path = "Patissier-iOS-Objective-C.app"; sourceTree = BUILT_PRODUCTS_DIR; };
		98E15DA21F661F0C000E1B9B /* main.m */ = {isa = PBXFileReference; lastKnownFileType = sourcecode.c.objc; path = main.m; sourceTree = "<group>"; };
		98E15DA41F661F0C000E1B9B /* AppDelegate.h */ = {isa = PBXFileReference; lastKnownFileType = sourcecode.c.h; path = AppDelegate.h; sourceTree = "<group>"; };
		98E15DA51F661F0C000E1B9B /* AppDelegate.m */ = {isa = PBXFileReference; lastKnownFileType = sourcecode.c.objc; path = AppDelegate.m; sourceTree = "<group>"; };
		98E15DAD1F661F0C000E1B9B /* Assets.xcassets */ = {isa = PBXFileReference; lastKnownFileType = folder.assetcatalog; path = Assets.xcassets; sourceTree = "<group>"; };
		98E15DB01F661F0C000E1B9B /* Base */ = {isa = PBXFileReference; lastKnownFileType = file.storyboard; name = Base; path = Base.lproj/LaunchScreen.storyboard; sourceTree = "<group>"; };
		98E15DB21F661F0C000E1B9B /* Info.plist */ = {isa = PBXFileReference; lastKnownFileType = text.plist.xml; path = Info.plist; sourceTree = "<group>"; };
		ABEDCF4B0AD3911EFD6272E7 /* Pods-Patissier-iOS-Objective-C.debug.xcconfig */ = {isa = PBXFileReference; includeInIndex = 1; lastKnownFileType = text.xcconfig; name = "Pods-Patissier-iOS-Objective-C.debug.xcconfig"; path = "Pods/Target Support Files/Pods-Patissier-iOS-Objective-C/Pods-Patissier-iOS-Objective-C.debug.xcconfig"; sourceTree = "<group>"; };
/* End PBXFileReference section */

/* Begin PBXFrameworksBuildPhase section */
		98E15D9B1F661F0C000E1B9B /* Frameworks */ = {
			isa = PBXFrameworksBuildPhase;
			buildActionMask = 2147483647;
			files = (
				38FD4F6D925489D0197A1161 /* libPods-Patissier-iOS-Objective-C.a in Frameworks */,
			);
			runOnlyForDeploymentPostprocessing = 0;
		};
/* End PBXFrameworksBuildPhase section */

/* Begin PBXGroup section */
		644DFE371F6682A5008B29A6 /* Profile */ = {
			isa = PBXGroup;
			children = (
				644DFE3E1F6682A5008B29A6 /* Profile.storyboard */,
				644DFE3F1F6682A5008B29A6 /* ProfileTableViewController.h */,
				644DFE401F6682A5008B29A6 /* ProfileTableViewController.m */,
				644DFE381F6682A5008B29A6 /* ProfileInfomationTableViewCell.h */,
				644DFE391F6682A5008B29A6 /* ProfileInfomationTableViewCell.m */,
				644DFE3A1F6682A5008B29A6 /* ProfileInfomationTableViewCell.xib */,
				644DFE3B1F6682A5008B29A6 /* ProfileSegmentedControlTableViewCell.h */,
				644DFE3C1F6682A5008B29A6 /* ProfileSegmentedControlTableViewCell.m */,
				644DFE3D1F6682A5008B29A6 /* ProfileSegmentedControlTableViewCell.xib */,
				644DFE4A1F67AC8A008B29A6 /* ProfileContentFavoriteTableViewCell.xib */,
				644DFE4C1F67AD8A008B29A6 /* ProfileContentFavoriteTableViewCell.h */,
				644DFE4D1F67AD8A008B29A6 /* ProfileContentFavoriteTableViewCell.m */,
				644DFE5A1F67DFC2008B29A6 /* ProductFavoriteTableViewCell.h */,
				644DFE5B1F67DFC2008B29A6 /* ProductFavoriteTableViewCell.m */,
				644DFE5D1F67E9D0008B29A6 /* ProfilePurchaseTableViewCell.h */,
				644DFE5E1F67E9D0008B29A6 /* ProfilePurchaseTableViewCell.m */,
				644DFE601F67EAD6008B29A6 /* PurchasedProductTableViewCell.h */,
				644DFE611F67EAD6008B29A6 /* PurchasedProductTableViewCell.m */,
				644DFE541F67BC40008B29A6 /* Content */,
			);
			path = Profile;
			sourceTree = "<group>";
		};
		644DFE541F67BC40008B29A6 /* Content */ = {
			isa = PBXGroup;
			children = (
				644DFE4F1F67B4DA008B29A6 /* ProfileContentFavoriteCollectionViewCell.h */,
				644DFE501F67B4DA008B29A6 /* ProfileContentFavoriteCollectionViewCell.m */,
				644DFE511F67B4DA008B29A6 /* ProfileContentFavoriteCollectionViewCell.xib */,
				644DFE551F67BC9C008B29A6 /* ProfileContentFavoriteCollectionViewController.h */,
				644DFE561F67BC9C008B29A6 /* ProfileContentFavoriteCollectionViewController.m */,
				644DFE571F67BC9C008B29A6 /* ProfileContentFavoriteCollectionViewController.xib */,
			);
			name = Content;
			sourceTree = "<group>";
		};
		9870AD1F1F667995008430D5 /* AppDelegate */ = {
			isa = PBXGroup;
			children = (
				98E15DA41F661F0C000E1B9B /* AppDelegate.h */,
				98E15DA51F661F0C000E1B9B /* AppDelegate.m */,
			);
			name = AppDelegate;
			sourceTree = "<group>";
		};
		9870AD201F6679A6008430D5 /* Landing */ = {
			isa = PBXGroup;
			children = (
				9870AD211F6679CE008430D5 /* LandingViewController.h */,
				9870AD221F6679CE008430D5 /* LandingViewController.m */,
			);
			name = Landing;
			sourceTree = "<group>";
		};
		98E15D951F661F0C000E1B9B = {
			isa = PBXGroup;
			children = (
				98E15DA01F661F0C000E1B9B /* Patissier-iOS-Objective-C */,
				98E15D9F1F661F0C000E1B9B /* Products */,
				DC5E1BBDD2F6E2D2DB06221A /* Pods */,
				C7077C89D2D52F003DDF0F5C /* Frameworks */,
			);
			sourceTree = "<group>";
		};
		98E15D9F1F661F0C000E1B9B /* Products */ = {
			isa = PBXGroup;
			children = (
				98E15D9E1F661F0C000E1B9B /* Patissier-iOS-Objective-C.app */,
			);
			name = Products;
			sourceTree = "<group>";
		};
		98E15DA01F661F0C000E1B9B /* Patissier-iOS-Objective-C */ = {
			isa = PBXGroup;
			children = (
				9870AD1F1F667995008430D5 /* AppDelegate */,
				9870AD201F6679A6008430D5 /* Landing */,
				644DFE371F6682A5008B29A6 /* Profile */,
				98E15DAD1F661F0C000E1B9B /* Assets.xcassets */,
				644DFE471F668512008B29A6 /* Main.storyboard */,
				98E15DAF1F661F0C000E1B9B /* LaunchScreen.storyboard */,
				98E15DB21F661F0C000E1B9B /* Info.plist */,
				98E15DA11F661F0C000E1B9B /* Supporting Files */,
			);
			path = "Patissier-iOS-Objective-C";
			sourceTree = "<group>";
		};
		98E15DA11F661F0C000E1B9B /* Supporting Files */ = {
			isa = PBXGroup;
			children = (
				98E15DA21F661F0C000E1B9B /* main.m */,
			);
			name = "Supporting Files";
			sourceTree = "<group>";
		};
		C7077C89D2D52F003DDF0F5C /* Frameworks */ = {
			isa = PBXGroup;
			children = (
				442D3CD19AB8E14ABA4F5046 /* libPods-Patissier-iOS-Objective-C.a */,
			);
			name = Frameworks;
			sourceTree = "<group>";
		};
		DC5E1BBDD2F6E2D2DB06221A /* Pods */ = {
			isa = PBXGroup;
			children = (
				ABEDCF4B0AD3911EFD6272E7 /* Pods-Patissier-iOS-Objective-C.debug.xcconfig */,
				92AD3DEDC0085568B6482492 /* Pods-Patissier-iOS-Objective-C.release.xcconfig */,
			);
			name = Pods;
			sourceTree = "<group>";
		};
/* End PBXGroup section */

/* Begin PBXNativeTarget section */
		98E15D9D1F661F0C000E1B9B /* Patissier-iOS-Objective-C */ = {
			isa = PBXNativeTarget;
			buildConfigurationList = 98E15DB51F661F0C000E1B9B /* Build configuration list for PBXNativeTarget "Patissier-iOS-Objective-C" */;
			buildPhases = (
				E607F3D44CA09273113CCD56 /* [CP] Check Pods Manifest.lock */,
				98E15D9A1F661F0C000E1B9B /* Sources */,
				98E15D9B1F661F0C000E1B9B /* Frameworks */,
				98E15D9C1F661F0C000E1B9B /* Resources */,
				20EE3711A41DBC7CFBE625F5 /* [CP] Embed Pods Frameworks */,
				D3E7B9BF8459D5339561031C /* [CP] Copy Pods Resources */,
			);
			buildRules = (
			);
			dependencies = (
			);
			name = "Patissier-iOS-Objective-C";
			productName = "Patissier-iOS-Objective-C";
			productReference = 98E15D9E1F661F0C000E1B9B /* Patissier-iOS-Objective-C.app */;
			productType = "com.apple.product-type.application";
		};
/* End PBXNativeTarget section */

/* Begin PBXProject section */
		98E15D961F661F0C000E1B9B /* Project object */ = {
			isa = PBXProject;
			attributes = {
				LastUpgradeCheck = 0830;
				ORGANIZATIONNAME = JordanLin;
				TargetAttributes = {
					98E15D9D1F661F0C000E1B9B = {
						CreatedOnToolsVersion = 8.3.3;
						DevelopmentTeam = MH7SBDD83A;
						ProvisioningStyle = Automatic;
					};
				};
			};
			buildConfigurationList = 98E15D991F661F0C000E1B9B /* Build configuration list for PBXProject "Patissier-iOS-Objective-C" */;
			compatibilityVersion = "Xcode 3.2";
			developmentRegion = English;
			hasScannedForEncodings = 0;
			knownRegions = (
				en,
				Base,
			);
			mainGroup = 98E15D951F661F0C000E1B9B;
			productRefGroup = 98E15D9F1F661F0C000E1B9B /* Products */;
			projectDirPath = "";
			projectRoot = "";
			targets = (
				98E15D9D1F661F0C000E1B9B /* Patissier-iOS-Objective-C */,
			);
		};
/* End PBXProject section */

/* Begin PBXResourcesBuildPhase section */
		98E15D9C1F661F0C000E1B9B /* Resources */ = {
			isa = PBXResourcesBuildPhase;
			buildActionMask = 2147483647;
			files = (
				644DFE491F668512008B29A6 /* Main.storyboard in Resources */,
				644DFE451F6682A5008B29A6 /* Profile.storyboard in Resources */,
				644DFE591F67BC9C008B29A6 /* ProfileContentFavoriteCollectionViewController.xib in Resources */,
				644DFE531F67B4DA008B29A6 /* ProfileContentFavoriteCollectionViewCell.xib in Resources */,
				644DFE441F6682A5008B29A6 /* ProfileSegmentedControlTableViewCell.xib in Resources */,
				98E15DB11F661F0C000E1B9B /* LaunchScreen.storyboard in Resources */,
				98E15DAE1F661F0C000E1B9B /* Assets.xcassets in Resources */,
				98E15DBF1F662597000E1B9B /* (null) in Resources */,
				644DFE421F6682A5008B29A6 /* ProfileInfomationTableViewCell.xib in Resources */,
				644DFE4B1F67AC8A008B29A6 /* ProfileContentFavoriteTableViewCell.xib in Resources */,
			);
			runOnlyForDeploymentPostprocessing = 0;
		};
/* End PBXResourcesBuildPhase section */

/* Begin PBXShellScriptBuildPhase section */
		20EE3711A41DBC7CFBE625F5 /* [CP] Embed Pods Frameworks */ = {
			isa = PBXShellScriptBuildPhase;
			buildActionMask = 2147483647;
			files = (
			);
			inputPaths = (
			);
			name = "[CP] Embed Pods Frameworks";
			outputPaths = (
			);
			runOnlyForDeploymentPostprocessing = 0;
			shellPath = /bin/sh;
			shellScript = "\"${SRCROOT}/Pods/Target Support Files/Pods-Patissier-iOS-Objective-C/Pods-Patissier-iOS-Objective-C-frameworks.sh\"\n";
			showEnvVarsInLog = 0;
		};
		D3E7B9BF8459D5339561031C /* [CP] Copy Pods Resources */ = {
			isa = PBXShellScriptBuildPhase;
			buildActionMask = 2147483647;
			files = (
			);
			inputPaths = (
			);
			name = "[CP] Copy Pods Resources";
			outputPaths = (
			);
			runOnlyForDeploymentPostprocessing = 0;
			shellPath = /bin/sh;
			shellScript = "\"${SRCROOT}/Pods/Target Support Files/Pods-Patissier-iOS-Objective-C/Pods-Patissier-iOS-Objective-C-resources.sh\"\n";
			showEnvVarsInLog = 0;
		};
		E607F3D44CA09273113CCD56 /* [CP] Check Pods Manifest.lock */ = {
			isa = PBXShellScriptBuildPhase;
			buildActionMask = 2147483647;
			files = (
			);
			inputPaths = (
			);
			name = "[CP] Check Pods Manifest.lock";
			outputPaths = (
			);
			runOnlyForDeploymentPostprocessing = 0;
			shellPath = /bin/sh;
			shellScript = "diff \"${PODS_PODFILE_DIR_PATH}/Podfile.lock\" \"${PODS_ROOT}/Manifest.lock\" > /dev/null\nif [ $? != 0 ] ; then\n    # print error to STDERR\n    echo \"error: The sandbox is not in sync with the Podfile.lock. Run 'pod install' or update your CocoaPods installation.\" >&2\n    exit 1\nfi\n";
			showEnvVarsInLog = 0;
		};
/* End PBXShellScriptBuildPhase section */

/* Begin PBXSourcesBuildPhase section */
		98E15D9A1F661F0C000E1B9B /* Sources */ = {
			isa = PBXSourcesBuildPhase;
			buildActionMask = 2147483647;
			files = (
				644DFE521F67B4DA008B29A6 /* ProfileContentFavoriteCollectionViewCell.m in Sources */,
				98E15DBD1F6623D3000E1B9B /* (null) in Sources */,
				98E15DA61F661F0C000E1B9B /* AppDelegate.m in Sources */,
				644DFE5C1F67DFC2008B29A6 /* ProductFavoriteTableViewCell.m in Sources */,
				644DFE5F1F67E9D0008B29A6 /* ProfilePurchaseTableViewCell.m in Sources */,
				9870AD241F6679CE008430D5 /* LandingViewController.m in Sources */,
				644DFE581F67BC9C008B29A6 /* ProfileContentFavoriteCollectionViewController.m in Sources */,
				644DFE461F6682A5008B29A6 /* ProfileTableViewController.m in Sources */,
				98E15DA31F661F0C000E1B9B /* main.m in Sources */,
				644DFE621F67EAD6008B29A6 /* PurchasedProductTableViewCell.m in Sources */,
				644DFE431F6682A5008B29A6 /* ProfileSegmentedControlTableViewCell.m in Sources */,
				644DFE411F6682A5008B29A6 /* ProfileInfomationTableViewCell.m in Sources */,
				644DFE4E1F67AD8A008B29A6 /* ProfileContentFavoriteTableViewCell.m in Sources */,
			);
			runOnlyForDeploymentPostprocessing = 0;
		};
/* End PBXSourcesBuildPhase section */

/* Begin PBXVariantGroup section */
		644DFE471F668512008B29A6 /* Main.storyboard */ = {
			isa = PBXVariantGroup;
			children = (
				644DFE481F668512008B29A6 /* Base */,
			);
			name = Main.storyboard;
			sourceTree = "<group>";
		};
		98E15DAF1F661F0C000E1B9B /* LaunchScreen.storyboard */ = {
			isa = PBXVariantGroup;
			children = (
				98E15DB01F661F0C000E1B9B /* Base */,
			);
			name = LaunchScreen.storyboard;
			sourceTree = "<group>";
		};
/* End PBXVariantGroup section */

/* Begin XCBuildConfiguration section */
		98E15DB31F661F0C000E1B9B /* Debug */ = {
			isa = XCBuildConfiguration;
			buildSettings = {
				ALWAYS_SEARCH_USER_PATHS = NO;
				CLANG_ANALYZER_NONNULL = YES;
				CLANG_ANALYZER_NUMBER_OBJECT_CONVERSION = YES_AGGRESSIVE;
				CLANG_CXX_LANGUAGE_STANDARD = "gnu++0x";
				CLANG_CXX_LIBRARY = "libc++";
				CLANG_ENABLE_MODULES = YES;
				CLANG_ENABLE_OBJC_ARC = YES;
				CLANG_WARN_BOOL_CONVERSION = YES;
				CLANG_WARN_CONSTANT_CONVERSION = YES;
				CLANG_WARN_DIRECT_OBJC_ISA_USAGE = YES_ERROR;
				CLANG_WARN_DOCUMENTATION_COMMENTS = YES;
				CLANG_WARN_EMPTY_BODY = YES;
				CLANG_WARN_ENUM_CONVERSION = YES;
				CLANG_WARN_INFINITE_RECURSION = YES;
				CLANG_WARN_INT_CONVERSION = YES;
				CLANG_WARN_OBJC_ROOT_CLASS = YES_ERROR;
				CLANG_WARN_SUSPICIOUS_MOVE = YES;
				CLANG_WARN_UNREACHABLE_CODE = YES;
				CLANG_WARN__DUPLICATE_METHOD_MATCH = YES;
				"CODE_SIGN_IDENTITY[sdk=iphoneos*]" = "iPhone Developer";
				COPY_PHASE_STRIP = NO;
				DEBUG_INFORMATION_FORMAT = dwarf;
				ENABLE_STRICT_OBJC_MSGSEND = YES;
				ENABLE_TESTABILITY = YES;
				GCC_C_LANGUAGE_STANDARD = gnu99;
				GCC_DYNAMIC_NO_PIC = NO;
				GCC_NO_COMMON_BLOCKS = YES;
				GCC_OPTIMIZATION_LEVEL = 0;
				GCC_PREPROCESSOR_DEFINITIONS = (
					"DEBUG=1",
					"$(inherited)",
				);
				GCC_WARN_64_TO_32_BIT_CONVERSION = YES;
				GCC_WARN_ABOUT_RETURN_TYPE = YES_ERROR;
				GCC_WARN_UNDECLARED_SELECTOR = YES;
				GCC_WARN_UNINITIALIZED_AUTOS = YES_AGGRESSIVE;
				GCC_WARN_UNUSED_FUNCTION = YES;
				GCC_WARN_UNUSED_VARIABLE = YES;
				IPHONEOS_DEPLOYMENT_TARGET = 10.3;
				MTL_ENABLE_DEBUG_INFO = YES;
				ONLY_ACTIVE_ARCH = YES;
				SDKROOT = iphoneos;
			};
			name = Debug;
		};
		98E15DB41F661F0C000E1B9B /* Release */ = {
			isa = XCBuildConfiguration;
			buildSettings = {
				ALWAYS_SEARCH_USER_PATHS = NO;
				CLANG_ANALYZER_NONNULL = YES;
				CLANG_ANALYZER_NUMBER_OBJECT_CONVERSION = YES_AGGRESSIVE;
				CLANG_CXX_LANGUAGE_STANDARD = "gnu++0x";
				CLANG_CXX_LIBRARY = "libc++";
				CLANG_ENABLE_MODULES = YES;
				CLANG_ENABLE_OBJC_ARC = YES;
				CLANG_WARN_BOOL_CONVERSION = YES;
				CLANG_WARN_CONSTANT_CONVERSION = YES;
				CLANG_WARN_DIRECT_OBJC_ISA_USAGE = YES_ERROR;
				CLANG_WARN_DOCUMENTATION_COMMENTS = YES;
				CLANG_WARN_EMPTY_BODY = YES;
				CLANG_WARN_ENUM_CONVERSION = YES;
				CLANG_WARN_INFINITE_RECURSION = YES;
				CLANG_WARN_INT_CONVERSION = YES;
				CLANG_WARN_OBJC_ROOT_CLASS = YES_ERROR;
				CLANG_WARN_SUSPICIOUS_MOVE = YES;
				CLANG_WARN_UNREACHABLE_CODE = YES;
				CLANG_WARN__DUPLICATE_METHOD_MATCH = YES;
				"CODE_SIGN_IDENTITY[sdk=iphoneos*]" = "iPhone Developer";
				COPY_PHASE_STRIP = NO;
				DEBUG_INFORMATION_FORMAT = "dwarf-with-dsym";
				ENABLE_NS_ASSERTIONS = NO;
				ENABLE_STRICT_OBJC_MSGSEND = YES;
				GCC_C_LANGUAGE_STANDARD = gnu99;
				GCC_NO_COMMON_BLOCKS = YES;
				GCC_WARN_64_TO_32_BIT_CONVERSION = YES;
				GCC_WARN_ABOUT_RETURN_TYPE = YES_ERROR;
				GCC_WARN_UNDECLARED_SELECTOR = YES;
				GCC_WARN_UNINITIALIZED_AUTOS = YES_AGGRESSIVE;
				GCC_WARN_UNUSED_FUNCTION = YES;
				GCC_WARN_UNUSED_VARIABLE = YES;
				IPHONEOS_DEPLOYMENT_TARGET = 10.3;
				MTL_ENABLE_DEBUG_INFO = NO;
				SDKROOT = iphoneos;
				VALIDATE_PRODUCT = YES;
			};
			name = Release;
		};
		98E15DB61F661F0C000E1B9B /* Debug */ = {
			isa = XCBuildConfiguration;
			baseConfigurationReference = ABEDCF4B0AD3911EFD6272E7 /* Pods-Patissier-iOS-Objective-C.debug.xcconfig */;
			buildSettings = {
				ASSETCATALOG_COMPILER_APPICON_NAME = AppIcon;
				DEVELOPMENT_TEAM = MH7SBDD83A;
				INFOPLIST_FILE = "Patissier-iOS-Objective-C/Info.plist";
				LD_RUNPATH_SEARCH_PATHS = "$(inherited) @executable_path/Frameworks";
				PRODUCT_BUNDLE_IDENTIFIER = "com.JD.Patissier-iOS-Objective-C";
				PRODUCT_NAME = "$(TARGET_NAME)";
			};
			name = Debug;
		};
		98E15DB71F661F0C000E1B9B /* Release */ = {
			isa = XCBuildConfiguration;
			baseConfigurationReference = 92AD3DEDC0085568B6482492 /* Pods-Patissier-iOS-Objective-C.release.xcconfig */;
			buildSettings = {
				ASSETCATALOG_COMPILER_APPICON_NAME = AppIcon;
				DEVELOPMENT_TEAM = MH7SBDD83A;
				INFOPLIST_FILE = "Patissier-iOS-Objective-C/Info.plist";
				LD_RUNPATH_SEARCH_PATHS = "$(inherited) @executable_path/Frameworks";
				PRODUCT_BUNDLE_IDENTIFIER = "com.JD.Patissier-iOS-Objective-C";
				PRODUCT_NAME = "$(TARGET_NAME)";
			};
			name = Release;
		};
/* End XCBuildConfiguration section */

/* Begin XCConfigurationList section */
		98E15D991F661F0C000E1B9B /* Build configuration list for PBXProject "Patissier-iOS-Objective-C" */ = {
			isa = XCConfigurationList;
			buildConfigurations = (
				98E15DB31F661F0C000E1B9B /* Debug */,
				98E15DB41F661F0C000E1B9B /* Release */,
			);
			defaultConfigurationIsVisible = 0;
			defaultConfigurationName = Release;
		};
		98E15DB51F661F0C000E1B9B /* Build configuration list for PBXNativeTarget "Patissier-iOS-Objective-C" */ = {
			isa = XCConfigurationList;
			buildConfigurations = (
				98E15DB61F661F0C000E1B9B /* Debug */,
				98E15DB71F661F0C000E1B9B /* Release */,
			);
			defaultConfigurationIsVisible = 0;
			defaultConfigurationName = Release;
		};
/* End XCConfigurationList section */
	};
	rootObject = 98E15D961F661F0C000E1B9B /* Project object */;
}
