// !$*UTF8*$!
{
	archiveVersion = 1;
	classes = {
	};
	objectVersion = 46;
	objects = {

/* Begin PBXBuildFile section */
		644DFE281F665F99008B29A6 /* Profile.storyboard in Resources */ = {isa = PBXBuildFile; fileRef = 644DFE271F665F99008B29A6 /* Profile.storyboard */; };
		644DFE2B1F66618C008B29A6 /* ProfileTableViewController.m in Sources */ = {isa = PBXBuildFile; fileRef = 644DFE2A1F66618C008B29A6 /* ProfileTableViewController.m */; };
		644DFE301F66624E008B29A6 /* ProfileInfomationTableViewCell.m in Sources */ = {isa = PBXBuildFile; fileRef = 644DFE2E1F66624E008B29A6 /* ProfileInfomationTableViewCell.m */; };
		644DFE311F66624E008B29A6 /* ProfileInfomationTableViewCell.xib in Resources */ = {isa = PBXBuildFile; fileRef = 644DFE2F1F66624E008B29A6 /* ProfileInfomationTableViewCell.xib */; };
		98E15DA31F661F0C000E1B9B /* main.m in Sources */ = {isa = PBXBuildFile; fileRef = 98E15DA21F661F0C000E1B9B /* main.m */; };
		98E15DA61F661F0C000E1B9B /* AppDelegate.m in Sources */ = {isa = PBXBuildFile; fileRef = 98E15DA51F661F0C000E1B9B /* AppDelegate.m */; };
		98E15DAE1F661F0C000E1B9B /* Assets.xcassets in Resources */ = {isa = PBXBuildFile; fileRef = 98E15DAD1F661F0C000E1B9B /* Assets.xcassets */; };
		98E15DB11F661F0C000E1B9B /* LaunchScreen.storyboard in Resources */ = {isa = PBXBuildFile; fileRef = 98E15DAF1F661F0C000E1B9B /* LaunchScreen.storyboard */; };
		98E15DBD1F6623D3000E1B9B /* LandingViewController.m in Sources */ = {isa = PBXBuildFile; fileRef = 98E15DBC1F6623D3000E1B9B /* LandingViewController.m */; };
		98E15DBF1F662597000E1B9B /* Landing.storyboard in Resources */ = {isa = PBXBuildFile; fileRef = 98E15DBE1F662597000E1B9B /* Landing.storyboard */; };
/* End PBXBuildFile section */

/* Begin PBXFileReference section */
		644DFE271F665F99008B29A6 /* Profile.storyboard */ = {isa = PBXFileReference; fileEncoding = 4; lastKnownFileType = file.storyboard; path = Profile.storyboard; sourceTree = "<group>"; };
		644DFE291F66618C008B29A6 /* ProfileTableViewController.h */ = {isa = PBXFileReference; fileEncoding = 4; lastKnownFileType = sourcecode.c.h; path = ProfileTableViewController.h; sourceTree = "<group>"; };
		644DFE2A1F66618C008B29A6 /* ProfileTableViewController.m */ = {isa = PBXFileReference; fileEncoding = 4; lastKnownFileType = sourcecode.c.objc; path = ProfileTableViewController.m; sourceTree = "<group>"; };
		644DFE2D1F66624E008B29A6 /* ProfileInfomationTableViewCell.h */ = {isa = PBXFileReference; fileEncoding = 4; lastKnownFileType = sourcecode.c.h; name = ProfileInfomationTableViewCell.h; path = Profile/ProfileInfomationTableViewCell.h; sourceTree = "<group>"; };
		644DFE2E1F66624E008B29A6 /* ProfileInfomationTableViewCell.m */ = {isa = PBXFileReference; fileEncoding = 4; lastKnownFileType = sourcecode.c.objc; name = ProfileInfomationTableViewCell.m; path = Profile/ProfileInfomationTableViewCell.m; sourceTree = "<group>"; };
		644DFE2F1F66624E008B29A6 /* ProfileInfomationTableViewCell.xib */ = {isa = PBXFileReference; fileEncoding = 4; lastKnownFileType = file.xib; name = ProfileInfomationTableViewCell.xib; path = Profile/ProfileInfomationTableViewCell.xib; sourceTree = "<group>"; };
		98E15D9E1F661F0C000E1B9B /* Patissier-iOS-Objective-C.app */ = {isa = PBXFileReference; explicitFileType = wrapper.application; includeInIndex = 0; path = "Patissier-iOS-Objective-C.app"; sourceTree = BUILT_PRODUCTS_DIR; };
		98E15DA21F661F0C000E1B9B /* main.m */ = {isa = PBXFileReference; lastKnownFileType = sourcecode.c.objc; path = main.m; sourceTree = "<group>"; };
		98E15DA41F661F0C000E1B9B /* AppDelegate.h */ = {isa = PBXFileReference; lastKnownFileType = sourcecode.c.h; path = AppDelegate.h; sourceTree = "<group>"; };
		98E15DA51F661F0C000E1B9B /* AppDelegate.m */ = {isa = PBXFileReference; lastKnownFileType = sourcecode.c.objc; path = AppDelegate.m; sourceTree = "<group>"; };
		98E15DAD1F661F0C000E1B9B /* Assets.xcassets */ = {isa = PBXFileReference; lastKnownFileType = folder.assetcatalog; path = Assets.xcassets; sourceTree = "<group>"; };
		98E15DB01F661F0C000E1B9B /* Base */ = {isa = PBXFileReference; lastKnownFileType = file.storyboard; name = Base; path = Base.lproj/LaunchScreen.storyboard; sourceTree = "<group>"; };
		98E15DB21F661F0C000E1B9B /* Info.plist */ = {isa = PBXFileReference; lastKnownFileType = text.plist.xml; path = Info.plist; sourceTree = "<group>"; };
		98E15DBB1F6623D3000E1B9B /* LandingViewController.h */ = {isa = PBXFileReference; fileEncoding = 4; lastKnownFileType = sourcecode.c.h; name = LandingViewController.h; path = LandingViewController/LandingViewController.h; sourceTree = "<group>"; };
		98E15DBC1F6623D3000E1B9B /* LandingViewController.m */ = {isa = PBXFileReference; fileEncoding = 4; lastKnownFileType = sourcecode.c.objc; name = LandingViewController.m; path = LandingViewController/LandingViewController.m; sourceTree = "<group>"; };
		98E15DBE1F662597000E1B9B /* Landing.storyboard */ = {isa = PBXFileReference; fileEncoding = 4; lastKnownFileType = file.storyboard; name = Landing.storyboard; path = LandingViewController/Landing.storyboard; sourceTree = "<group>"; };
/* End PBXFileReference section */

/* Begin PBXFrameworksBuildPhase section */
		98E15D9B1F661F0C000E1B9B /* Frameworks */ = {
			isa = PBXFrameworksBuildPhase;
			buildActionMask = 2147483647;
			files = (
			);
			runOnlyForDeploymentPostprocessing = 0;
		};
/* End PBXFrameworksBuildPhase section */

/* Begin PBXGroup section */
		644DFE2C1F6661F2008B29A6 /* Profile */ = {
			isa = PBXGroup;
			children = (
				644DFE271F665F99008B29A6 /* Profile.storyboard */,
				644DFE291F66618C008B29A6 /* ProfileTableViewController.h */,
				644DFE2A1F66618C008B29A6 /* ProfileTableViewController.m */,
				644DFE2D1F66624E008B29A6 /* ProfileInfomationTableViewCell.h */,
				644DFE2E1F66624E008B29A6 /* ProfileInfomationTableViewCell.m */,
				644DFE2F1F66624E008B29A6 /* ProfileInfomationTableViewCell.xib */,
			);
			name = Profile;
			sourceTree = "<group>";
		};
		98E15D951F661F0C000E1B9B = {
			isa = PBXGroup;
			children = (
				98E15DA01F661F0C000E1B9B /* Patissier-iOS-Objective-C */,
				98E15D9F1F661F0C000E1B9B /* Products */,
			);
			sourceTree = "<group>";
		};
		98E15D9F1F661F0C000E1B9B /* Products */ = {
			isa = PBXGroup;
			children = (
				98E15D9E1F661F0C000E1B9B /* Patissier-iOS-Objective-C.app */,
			);
			name = Products;
			sourceTree = "<group>";
		};
		98E15DA01F661F0C000E1B9B /* Patissier-iOS-Objective-C */ = {
			isa = PBXGroup;
			children = (
				98E15DB81F662327000E1B9B /* AppDelegate */,
				98E15DB91F662348000E1B9B /* Landing */,
				644DFE2C1F6661F2008B29A6 /* Profile */,
				98E15DAD1F661F0C000E1B9B /* Assets.xcassets */,
				98E15DAF1F661F0C000E1B9B /* LaunchScreen.storyboard */,
				98E15DB21F661F0C000E1B9B /* Info.plist */,
				98E15DA11F661F0C000E1B9B /* Supporting Files */,
			);
			path = "Patissier-iOS-Objective-C";
			sourceTree = "<group>";
		};
		98E15DA11F661F0C000E1B9B /* Supporting Files */ = {
			isa = PBXGroup;
			children = (
				98E15DA21F661F0C000E1B9B /* main.m */,
			);
			name = "Supporting Files";
			sourceTree = "<group>";
		};
		98E15DB81F662327000E1B9B /* AppDelegate */ = {
			isa = PBXGroup;
			children = (
				98E15DA51F661F0C000E1B9B /* AppDelegate.m */,
				98E15DA41F661F0C000E1B9B /* AppDelegate.h */,
			);
			name = AppDelegate;
			sourceTree = "<group>";
		};
		98E15DB91F662348000E1B9B /* Landing */ = {
			isa = PBXGroup;
			children = (
				98E15DBB1F6623D3000E1B9B /* LandingViewController.h */,
				98E15DBC1F6623D3000E1B9B /* LandingViewController.m */,
				98E15DBE1F662597000E1B9B /* Landing.storyboard */,
			);
			name = Landing;
			sourceTree = "<group>";
		};
/* End PBXGroup section */

/* Begin PBXNativeTarget section */
		98E15D9D1F661F0C000E1B9B /* Patissier-iOS-Objective-C */ = {
			isa = PBXNativeTarget;
			buildConfigurationList = 98E15DB51F661F0C000E1B9B /* Build configuration list for PBXNativeTarget "Patissier-iOS-Objective-C" */;
			buildPhases = (
				98E15D9A1F661F0C000E1B9B /* Sources */,
				98E15D9B1F661F0C000E1B9B /* Frameworks */,
				98E15D9C1F661F0C000E1B9B /* Resources */,
			);
			buildRules = (
			);
			dependencies = (
			);
			name = "Patissier-iOS-Objective-C";
			productName = "Patissier-iOS-Objective-C";
			productReference = 98E15D9E1F661F0C000E1B9B /* Patissier-iOS-Objective-C.app */;
			productType = "com.apple.product-type.application";
		};
/* End PBXNativeTarget section */

/* Begin PBXProject section */
		98E15D961F661F0C000E1B9B /* Project object */ = {
			isa = PBXProject;
			attributes = {
				LastUpgradeCheck = 0830;
				ORGANIZATIONNAME = JordanLin;
				TargetAttributes = {
					98E15D9D1F661F0C000E1B9B = {
						CreatedOnToolsVersion = 8.3.3;
						DevelopmentTeam = MH7SBDD83A;
						ProvisioningStyle = Automatic;
					};
				};
			};
			buildConfigurationList = 98E15D991F661F0C000E1B9B /* Build configuration list for PBXProject "Patissier-iOS-Objective-C" */;
			compatibilityVersion = "Xcode 3.2";
			developmentRegion = English;
			hasScannedForEncodings = 0;
			knownRegions = (
				en,
				Base,
			);
			mainGroup = 98E15D951F661F0C000E1B9B;
			productRefGroup = 98E15D9F1F661F0C000E1B9B /* Products */;
			projectDirPath = "";
			projectRoot = "";
			targets = (
				98E15D9D1F661F0C000E1B9B /* Patissier-iOS-Objective-C */,
			);
		};
/* End PBXProject section */

/* Begin PBXResourcesBuildPhase section */
		98E15D9C1F661F0C000E1B9B /* Resources */ = {
			isa = PBXResourcesBuildPhase;
			buildActionMask = 2147483647;
			files = (
				98E15DB11F661F0C000E1B9B /* LaunchScreen.storyboard in Resources */,
				98E15DAE1F661F0C000E1B9B /* Assets.xcassets in Resources */,
				644DFE311F66624E008B29A6 /* ProfileInfomationTableViewCell.xib in Resources */,
				644DFE281F665F99008B29A6 /* Profile.storyboard in Resources */,
				98E15DBF1F662597000E1B9B /* Landing.storyboard in Resources */,
			);
			runOnlyForDeploymentPostprocessing = 0;
		};
/* End PBXResourcesBuildPhase section */

/* Begin PBXSourcesBuildPhase section */
		98E15D9A1F661F0C000E1B9B /* Sources */ = {
			isa = PBXSourcesBuildPhase;
			buildActionMask = 2147483647;
			files = (
				98E15DBD1F6623D3000E1B9B /* LandingViewController.m in Sources */,
				98E15DA61F661F0C000E1B9B /* AppDelegate.m in Sources */,
				98E15DA31F661F0C000E1B9B /* main.m in Sources */,
				644DFE2B1F66618C008B29A6 /* ProfileTableViewController.m in Sources */,
				644DFE301F66624E008B29A6 /* ProfileInfomationTableViewCell.m in Sources */,
			);
			runOnlyForDeploymentPostprocessing = 0;
		};
/* End PBXSourcesBuildPhase section */

/* Begin PBXVariantGroup section */
		98E15DAF1F661F0C000E1B9B /* LaunchScreen.storyboard */ = {
			isa = PBXVariantGroup;
			children = (
				98E15DB01F661F0C000E1B9B /* Base */,
			);
			name = LaunchScreen.storyboard;
			sourceTree = "<group>";
		};
/* End PBXVariantGroup section */

/* Begin XCBuildConfiguration section */
		98E15DB31F661F0C000E1B9B /* Debug */ = {
			isa = XCBuildConfiguration;
			buildSettings = {
				ALWAYS_SEARCH_USER_PATHS = NO;
				CLANG_ANALYZER_NONNULL = YES;
				CLANG_ANALYZER_NUMBER_OBJECT_CONVERSION = YES_AGGRESSIVE;
				CLANG_CXX_LANGUAGE_STANDARD = "gnu++0x";
				CLANG_CXX_LIBRARY = "libc++";
				CLANG_ENABLE_MODULES = YES;
				CLANG_ENABLE_OBJC_ARC = YES;
				CLANG_WARN_BOOL_CONVERSION = YES;
				CLANG_WARN_CONSTANT_CONVERSION = YES;
				CLANG_WARN_DIRECT_OBJC_ISA_USAGE = YES_ERROR;
				CLANG_WARN_DOCUMENTATION_COMMENTS = YES;
				CLANG_WARN_EMPTY_BODY = YES;
				CLANG_WARN_ENUM_CONVERSION = YES;
				CLANG_WARN_INFINITE_RECURSION = YES;
				CLANG_WARN_INT_CONVERSION = YES;
				CLANG_WARN_OBJC_ROOT_CLASS = YES_ERROR;
				CLANG_WARN_SUSPICIOUS_MOVE = YES;
				CLANG_WARN_UNREACHABLE_CODE = YES;
				CLANG_WARN__DUPLICATE_METHOD_MATCH = YES;
				"CODE_SIGN_IDENTITY[sdk=iphoneos*]" = "iPhone Developer";
				COPY_PHASE_STRIP = NO;
				DEBUG_INFORMATION_FORMAT = dwarf;
				ENABLE_STRICT_OBJC_MSGSEND = YES;
				ENABLE_TESTABILITY = YES;
				GCC_C_LANGUAGE_STANDARD = gnu99;
				GCC_DYNAMIC_NO_PIC = NO;
				GCC_NO_COMMON_BLOCKS = YES;
				GCC_OPTIMIZATION_LEVEL = 0;
				GCC_PREPROCESSOR_DEFINITIONS = (
					"DEBUG=1",
					"$(inherited)",
				);
				GCC_WARN_64_TO_32_BIT_CONVERSION = YES;
				GCC_WARN_ABOUT_RETURN_TYPE = YES_ERROR;
				GCC_WARN_UNDECLARED_SELECTOR = YES;
				GCC_WARN_UNINITIALIZED_AUTOS = YES_AGGRESSIVE;
				GCC_WARN_UNUSED_FUNCTION = YES;
				GCC_WARN_UNUSED_VARIABLE = YES;
				IPHONEOS_DEPLOYMENT_TARGET = 10.3;
				MTL_ENABLE_DEBUG_INFO = YES;
				ONLY_ACTIVE_ARCH = YES;
				SDKROOT = iphoneos;
			};
			name = Debug;
		};
		98E15DB41F661F0C000E1B9B /* Release */ = {
			isa = XCBuildConfiguration;
			buildSettings = {
				ALWAYS_SEARCH_USER_PATHS = NO;
				CLANG_ANALYZER_NONNULL = YES;
				CLANG_ANALYZER_NUMBER_OBJECT_CONVERSION = YES_AGGRESSIVE;
				CLANG_CXX_LANGUAGE_STANDARD = "gnu++0x";
				CLANG_CXX_LIBRARY = "libc++";
				CLANG_ENABLE_MODULES = YES;
				CLANG_ENABLE_OBJC_ARC = YES;
				CLANG_WARN_BOOL_CONVERSION = YES;
				CLANG_WARN_CONSTANT_CONVERSION = YES;
				CLANG_WARN_DIRECT_OBJC_ISA_USAGE = YES_ERROR;
				CLANG_WARN_DOCUMENTATION_COMMENTS = YES;
				CLANG_WARN_EMPTY_BODY = YES;
				CLANG_WARN_ENUM_CONVERSION = YES;
				CLANG_WARN_INFINITE_RECURSION = YES;
				CLANG_WARN_INT_CONVERSION = YES;
				CLANG_WARN_OBJC_ROOT_CLASS = YES_ERROR;
				CLANG_WARN_SUSPICIOUS_MOVE = YES;
				CLANG_WARN_UNREACHABLE_CODE = YES;
				CLANG_WARN__DUPLICATE_METHOD_MATCH = YES;
				"CODE_SIGN_IDENTITY[sdk=iphoneos*]" = "iPhone Developer";
				COPY_PHASE_STRIP = NO;
				DEBUG_INFORMATION_FORMAT = "dwarf-with-dsym";
				ENABLE_NS_ASSERTIONS = NO;
				ENABLE_STRICT_OBJC_MSGSEND = YES;
				GCC_C_LANGUAGE_STANDARD = gnu99;
				GCC_NO_COMMON_BLOCKS = YES;
				GCC_WARN_64_TO_32_BIT_CONVERSION = YES;
				GCC_WARN_ABOUT_RETURN_TYPE = YES_ERROR;
				GCC_WARN_UNDECLARED_SELECTOR = YES;
				GCC_WARN_UNINITIALIZED_AUTOS = YES_AGGRESSIVE;
				GCC_WARN_UNUSED_FUNCTION = YES;
				GCC_WARN_UNUSED_VARIABLE = YES;
				IPHONEOS_DEPLOYMENT_TARGET = 10.3;
				MTL_ENABLE_DEBUG_INFO = NO;
				SDKROOT = iphoneos;
				VALIDATE_PRODUCT = YES;
			};
			name = Release;
		};
		98E15DB61F661F0C000E1B9B /* Debug */ = {
			isa = XCBuildConfiguration;
			buildSettings = {
				ASSETCATALOG_COMPILER_APPICON_NAME = AppIcon;
				DEVELOPMENT_TEAM = MH7SBDD83A;
				INFOPLIST_FILE = "Patissier-iOS-Objective-C/Info.plist";
				LD_RUNPATH_SEARCH_PATHS = "$(inherited) @executable_path/Frameworks";
				PRODUCT_BUNDLE_IDENTIFIER = "com.JD.Patissier-iOS-Objective-C";
				PRODUCT_NAME = "$(TARGET_NAME)";
			};
			name = Debug;
		};
		98E15DB71F661F0C000E1B9B /* Release */ = {
			isa = XCBuildConfiguration;
			buildSettings = {
				ASSETCATALOG_COMPILER_APPICON_NAME = AppIcon;
				DEVELOPMENT_TEAM = MH7SBDD83A;
				INFOPLIST_FILE = "Patissier-iOS-Objective-C/Info.plist";
				LD_RUNPATH_SEARCH_PATHS = "$(inherited) @executable_path/Frameworks";
				PRODUCT_BUNDLE_IDENTIFIER = "com.JD.Patissier-iOS-Objective-C";
				PRODUCT_NAME = "$(TARGET_NAME)";
			};
			name = Release;
		};
/* End XCBuildConfiguration section */

/* Begin XCConfigurationList section */
		98E15D991F661F0C000E1B9B /* Build configuration list for PBXProject "Patissier-iOS-Objective-C" */ = {
			isa = XCConfigurationList;
			buildConfigurations = (
				98E15DB31F661F0C000E1B9B /* Debug */,
				98E15DB41F661F0C000E1B9B /* Release */,
			);
			defaultConfigurationIsVisible = 0;
			defaultConfigurationName = Release;
		};
		98E15DB51F661F0C000E1B9B /* Build configuration list for PBXNativeTarget "Patissier-iOS-Objective-C" */ = {
			isa = XCConfigurationList;
			buildConfigurations = (
				98E15DB61F661F0C000E1B9B /* Debug */,
				98E15DB71F661F0C000E1B9B /* Release */,
			);
			defaultConfigurationIsVisible = 0;
			defaultConfigurationName = Release;
		};
/* End XCConfigurationList section */
	};
	rootObject = 98E15D961F661F0C000E1B9B /* Project object */;
}
